
Microsoft Visual Studio Solution File, Format Version 12.00
# Visual Studio Version 17
VisualStudioVersion = 17.13.35806.99 d17.13
MinimumVisualStudioVersion = 10.0.40219.1
Project("{FAE04EC0-301F-11D3-BF4B-00C04F79EFBC}") = "EdithAIAssistant", "EdithAIAssistant\EdithAIAssistant.csproj", "{524BC992-ED29-4F72-930D-86AA9D3800C8}"
EndProject
Global
	GlobalSection(SolutionConfigurationPlatforms) = preSolution
		Debug|Any CPU = Debug|Any CPU
		Release|Any CPU = Release|Any CPU
	EndGlobalSection
	GlobalSection(ProjectConfigurationPlatforms) = postSolution
		{524BC992-ED29-4F72-930D-86AA9D3800C8}.Debug|Any CPU.ActiveCfg = Debug|Any CPU
		{524BC992-ED29-4F72-930D-86AA9D3800C8}.Debug|Any CPU.Build.0 = Debug|Any CPU
		{524BC992-ED29-4F72-930D-86AA9D3800C8}.Release|Any CPU.ActiveCfg = Release|Any CPU
		{524BC992-ED29-4F72-930D-86AA9D3800C8}.Release|Any CPU.Build.0 = Release|Any CPU
	EndGlobalSection
	GlobalSection(SolutionProperties) = preSolution
		HideSolutionNode = FALSE
	EndGlobalSection
	GlobalSection(ExtensibilityGlobals) = postSolution
		SolutionGuid = {29893DC3-3A59-4346-BB84-67AD5842951C}
	EndGlobalSection
EndGlobal
